// !$*UTF8*$!
{
	archiveVersion = 1;
	classes = {
	};
	objectVersion = 46;
	objects = {

/* Begin PBXBuildFile section */
		D83E27131E83E49500833912 /* AppDelegate.swift in Sources */ = {isa = PBXBuildFile; fileRef = D83E27121E83E49500833912 /* AppDelegate.swift */; };
		D83E27151E83E49500833912 /* FeedController.swift in Sources */ = {isa = PBXBuildFile; fileRef = D83E27141E83E49500833912 /* FeedController.swift */; };
		D83E271A1E83E49600833912 /* Assets.xcassets in Resources */ = {isa = PBXBuildFile; fileRef = D83E27191E83E49600833912 /* Assets.xcassets */; };
		D83E271D1E83E49600833912 /* LaunchScreen.storyboard in Resources */ = {isa = PBXBuildFile; fileRef = D83E271B1E83E49600833912 /* LaunchScreen.storyboard */; };
		D83E27291E83E6E400833912 /* UIView + Anchors.swift in Sources */ = {isa = PBXBuildFile; fileRef = D83E27281E83E6E400833912 /* UIView + Anchors.swift */; };
		D83E272B1E83EB3B00833912 /* FeedCell.swift in Sources */ = {isa = PBXBuildFile; fileRef = D83E272A1E83EB3B00833912 /* FeedCell.swift */; };
		D83E272D1E83EB5900833912 /* BaseCell.swift in Sources */ = {isa = PBXBuildFile; fileRef = D83E272C1E83EB5900833912 /* BaseCell.swift */; };
		D83E272F1E83F7F400833912 /* UIColor + rgb.swift in Sources */ = {isa = PBXBuildFile; fileRef = D83E272E1E83F7F400833912 /* UIColor + rgb.swift */; };
		D83E27311E84034E00833912 /* Post.swift in Sources */ = {isa = PBXBuildFile; fileRef = D83E27301E84034E00833912 /* Post.swift */; };
/* End PBXBuildFile section */

/* Begin PBXFileReference section */
		D83E270F1E83E49500833912 /* FacebookFeedClone.app */ = {isa = PBXFileReference; explicitFileType = wrapper.application; includeInIndex = 0; path = FacebookFeedClone.app; sourceTree = BUILT_PRODUCTS_DIR; };
		D83E27121E83E49500833912 /* AppDelegate.swift */ = {isa = PBXFileReference; lastKnownFileType = sourcecode.swift; path = AppDelegate.swift; sourceTree = "<group>"; };
		D83E27141E83E49500833912 /* FeedController.swift */ = {isa = PBXFileReference; lastKnownFileType = sourcecode.swift; path = FeedController.swift; sourceTree = "<group>"; };
		D83E27191E83E49600833912 /* Assets.xcassets */ = {isa = PBXFileReference; lastKnownFileType = folder.assetcatalog; path = Assets.xcassets; sourceTree = "<group>"; };
		D83E271C1E83E49600833912 /* Base */ = {isa = PBXFileReference; lastKnownFileType = file.storyboard; name = Base; path = Base.lproj/LaunchScreen.storyboard; sourceTree = "<group>"; };
		D83E271E1E83E49600833912 /* Info.plist */ = {isa = PBXFileReference; lastKnownFileType = text.plist.xml; path = Info.plist; sourceTree = "<group>"; };
		D83E27281E83E6E400833912 /* UIView + Anchors.swift */ = {isa = PBXFileReference; fileEncoding = 4; lastKnownFileType = sourcecode.swift; path = "UIView + Anchors.swift"; sourceTree = "<group>"; };
		D83E272A1E83EB3B00833912 /* FeedCell.swift */ = {isa = PBXFileReference; fileEncoding = 4; lastKnownFileType = sourcecode.swift; path = FeedCell.swift; sourceTree = "<group>"; };
		D83E272C1E83EB5900833912 /* BaseCell.swift */ = {isa = PBXFileReference; fileEncoding = 4; lastKnownFileType = sourcecode.swift; path = BaseCell.swift; sourceTree = "<group>"; };
		D83E272E1E83F7F400833912 /* UIColor + rgb.swift */ = {isa = PBXFileReference; fileEncoding = 4; lastKnownFileType = sourcecode.swift; path = "UIColor + rgb.swift"; sourceTree = "<group>"; };
		D83E27301E84034E00833912 /* Post.swift */ = {isa = PBXFileReference; fileEncoding = 4; lastKnownFileType = sourcecode.swift; path = Post.swift; sourceTree = "<group>"; };
/* End PBXFileReference section */

/* Begin PBXFrameworksBuildPhase section */
		D83E270C1E83E49400833912 /* Frameworks */ = {
			isa = PBXFrameworksBuildPhase;
			buildActionMask = 2147483647;
			files = (
			);
			runOnlyForDeploymentPostprocessing = 0;
		};
/* End PBXFrameworksBuildPhase section */

/* Begin PBXGroup section */
		D83E27061E83E49400833912 = {
			isa = PBXGroup;
			children = (
				D83E27111E83E49500833912 /* FacebookFeedClone */,
				D83E27101E83E49500833912 /* Products */,
			);
			sourceTree = "<group>";
		};
		D83E27101E83E49500833912 /* Products */ = {
			isa = PBXGroup;
			children = (
				D83E270F1E83E49500833912 /* FacebookFeedClone.app */,
			);
			name = Products;
			sourceTree = "<group>";
		};
		D83E27111E83E49500833912 /* FacebookFeedClone */ = {
			isa = PBXGroup;
			children = (
				D83E27271E83E64B00833912 /* Protocols and Extensions */,
				D83E27261E83E64600833912 /* Model */,
				D83E27251E83E64200833912 /* View */,
				D83E27241E83E63D00833912 /* Controller */,
				D83E27121E83E49500833912 /* AppDelegate.swift */,
				D83E27191E83E49600833912 /* Assets.xcassets */,
				D83E271B1E83E49600833912 /* LaunchScreen.storyboard */,
				D83E271E1E83E49600833912 /* Info.plist */,
			);
			path = FacebookFeedClone;
			sourceTree = "<group>";
		};
		D83E27241E83E63D00833912 /* Controller */ = {
			isa = PBXGroup;
			children = (
				D83E27141E83E49500833912 /* FeedController.swift */,
			);
			name = Controller;
			sourceTree = "<group>";
		};
		D83E27251E83E64200833912 /* View */ = {
			isa = PBXGroup;
			children = (
				D83E272A1E83EB3B00833912 /* FeedCell.swift */,
				D83E272C1E83EB5900833912 /* BaseCell.swift */,
			);
			name = View;
			sourceTree = "<group>";
		};
		D83E27261E83E64600833912 /* Model */ = {
			isa = PBXGroup;
			children = (
				D83E27301E84034E00833912 /* Post.swift */,
			);
			name = Model;
			sourceTree = "<group>";
		};
		D83E27271E83E64B00833912 /* Protocols and Extensions */ = {
			isa = PBXGroup;
			children = (
				D83E27281E83E6E400833912 /* UIView + Anchors.swift */,
				D83E272E1E83F7F400833912 /* UIColor + rgb.swift */,
			);
			name = "Protocols and Extensions";
			sourceTree = "<group>";
		};
/* End PBXGroup section */

/* Begin PBXNativeTarget section */
		D83E270E1E83E49400833912 /* FacebookFeedClone */ = {
			isa = PBXNativeTarget;
			buildConfigurationList = D83E27211E83E49600833912 /* Build configuration list for PBXNativeTarget "FacebookFeedClone" */;
			buildPhases = (
				D83E270B1E83E49400833912 /* Sources */,
				D83E270C1E83E49400833912 /* Frameworks */,
				D83E270D1E83E49400833912 /* Resources */,
			);
			buildRules = (
			);
			dependencies = (
			);
			name = FacebookFeedClone;
			productName = FacebookFeedClone;
			productReference = D83E270F1E83E49500833912 /* FacebookFeedClone.app */;
			productType = "com.apple.product-type.application";
		};
/* End PBXNativeTarget section */

/* Begin PBXProject section */
		D83E27071E83E49400833912 /* Project object */ = {
			isa = PBXProject;
			attributes = {
				LastSwiftUpdateCheck = 0820;
				LastUpgradeCheck = 0820;
				ORGANIZATIONNAME = "Joseph Kim";
				TargetAttributes = {
					D83E270E1E83E49400833912 = {
						CreatedOnToolsVersion = 8.2.1;
						DevelopmentTeam = C23R6NMUVD;
						ProvisioningStyle = Automatic;
					};
				};
			};
			buildConfigurationList = D83E270A1E83E49400833912 /* Build configuration list for PBXProject "FacebookFeedClone" */;
			compatibilityVersion = "Xcode 3.2";
			developmentRegion = English;
			hasScannedForEncodings = 0;
			knownRegions = (
				en,
				Base,
			);
			mainGroup = D83E27061E83E49400833912;
			productRefGroup = D83E27101E83E49500833912 /* Products */;
			projectDirPath = "";
			projectRoot = "";
			targets = (
				D83E270E1E83E49400833912 /* FacebookFeedClone */,
			);
		};
/* End PBXProject section */

/* Begin PBXResourcesBuildPhase section */
		D83E270D1E83E49400833912 /* Resources */ = {
			isa = PBXResourcesBuildPhase;
			buildActionMask = 2147483647;
			files = (
				D83E271D1E83E49600833912 /* LaunchScreen.storyboard in Resources */,
				D83E271A1E83E49600833912 /* Assets.xcassets in Resources */,
			);
			runOnlyForDeploymentPostprocessing = 0;
		};
/* End PBXResourcesBuildPhase section */

/* Begin PBXSourcesBuildPhase section */
		D83E270B1E83E49400833912 /* Sources */ = {
			isa = PBXSourcesBuildPhase;
			buildActionMask = 2147483647;
			files = (
				D83E27151E83E49500833912 /* FeedController.swift in Sources */,
				D83E272F1E83F7F400833912 /* UIColor + rgb.swift in Sources */,
				D83E272B1E83EB3B00833912 /* FeedCell.swift in Sources */,
				D83E27291E83E6E400833912 /* UIView + Anchors.swift in Sources */,
				D83E272D1E83EB5900833912 /* BaseCell.swift in Sources */,
				D83E27311E84034E00833912 /* Post.swift in Sources */,
				D83E27131E83E49500833912 /* AppDelegate.swift in Sources */,
			);
			runOnlyForDeploymentPostprocessing = 0;
		};
/* End PBXSourcesBuildPhase section */

/* Begin PBXVariantGroup section */
		D83E271B1E83E49600833912 /* LaunchScreen.storyboard */ = {
			isa = PBXVariantGroup;
			children = (
				D83E271C1E83E49600833912 /* Base */,
			);
			name = LaunchScreen.storyboard;
			sourceTree = "<group>";
		};
/* End PBXVariantGroup section */

/* Begin XCBuildConfiguration section */
		D83E271F1E83E49600833912 /* Debug */ = {
			isa = XCBuildConfiguration;
			buildSettings = {
				ALWAYS_SEARCH_USER_PATHS = NO;
				CLANG_ANALYZER_NONNULL = YES;
				CLANG_CXX_LANGUAGE_STANDARD = "gnu++0x";
				CLANG_CXX_LIBRARY = "libc++";
				CLANG_ENABLE_MODULES = YES;
				CLANG_ENABLE_OBJC_ARC = YES;
				CLANG_WARN_BOOL_CONVERSION = YES;
				CLANG_WARN_CONSTANT_CONVERSION = YES;
				CLANG_WARN_DIRECT_OBJC_ISA_USAGE = YES_ERROR;
				CLANG_WARN_DOCUMENTATION_COMMENTS = YES;
				CLANG_WARN_EMPTY_BODY = YES;
				CLANG_WARN_ENUM_CONVERSION = YES;
				CLANG_WARN_INFINITE_RECURSION = YES;
				CLANG_WARN_INT_CONVERSION = YES;
				CLANG_WARN_OBJC_ROOT_CLASS = YES_ERROR;
				CLANG_WARN_SUSPICIOUS_MOVE = YES;
				CLANG_WARN_UNREACHABLE_CODE = YES;
				CLANG_WARN__DUPLICATE_METHOD_MATCH = YES;
				"CODE_SIGN_IDENTITY[sdk=iphoneos*]" = "iPhone Developer";
				COPY_PHASE_STRIP = NO;
				DEBUG_INFORMATION_FORMAT = dwarf;
				ENABLE_STRICT_OBJC_MSGSEND = YES;
				ENABLE_TESTABILITY = YES;
				GCC_C_LANGUAGE_STANDARD = gnu99;
				GCC_DYNAMIC_NO_PIC = NO;
				GCC_NO_COMMON_BLOCKS = YES;
				GCC_OPTIMIZATION_LEVEL = 0;
				GCC_PREPROCESSOR_DEFINITIONS = (
					"DEBUG=1",
					"$(inherited)",
				);
				GCC_WARN_64_TO_32_BIT_CONVERSION = YES;
				GCC_WARN_ABOUT_RETURN_TYPE = YES_ERROR;
				GCC_WARN_UNDECLARED_SELECTOR = YES;
				GCC_WARN_UNINITIALIZED_AUTOS = YES_AGGRESSIVE;
				GCC_WARN_UNUSED_FUNCTION = YES;
				GCC_WARN_UNUSED_VARIABLE = YES;
				IPHONEOS_DEPLOYMENT_TARGET = 10.2;
				MTL_ENABLE_DEBUG_INFO = YES;
				ONLY_ACTIVE_ARCH = YES;
				SDKROOT = iphoneos;
				SWIFT_ACTIVE_COMPILATION_CONDITIONS = DEBUG;
				SWIFT_OPTIMIZATION_LEVEL = "-Onone";
				TARGETED_DEVICE_FAMILY = "1,2";
			};
			name = Debug;
		};
		D83E27201E83E49600833912 /* Release */ = {
			isa = XCBuildConfiguration;
			buildSettings = {
				ALWAYS_SEARCH_USER_PATHS = NO;
				CLANG_ANALYZER_NONNULL = YES;
				CLANG_CXX_LANGUAGE_STANDARD = "gnu++0x";
				CLANG_CXX_LIBRARY = "libc++";
				CLANG_ENABLE_MODULES = YES;
				CLANG_ENABLE_OBJC_ARC = YES;
				CLANG_WARN_BOOL_CONVERSION = YES;
				CLANG_WARN_CONSTANT_CONVERSION = YES;
				CLANG_WARN_DIRECT_OBJC_ISA_USAGE = YES_ERROR;
				CLANG_WARN_DOCUMENTATION_COMMENTS = YES;
				CLANG_WARN_EMPTY_BODY = YES;
				CLANG_WARN_ENUM_CONVERSION = YES;
				CLANG_WARN_INFINITE_RECURSION = YES;
				CLANG_WARN_INT_CONVERSION = YES;
				CLANG_WARN_OBJC_ROOT_CLASS = YES_ERROR;
				CLANG_WARN_SUSPICIOUS_MOVE = YES;
				CLANG_WARN_UNREACHABLE_CODE = YES;
				CLANG_WARN__DUPLICATE_METHOD_MATCH = YES;
				"CODE_SIGN_IDENTITY[sdk=iphoneos*]" = "iPhone Developer";
				COPY_PHASE_STRIP = NO;
				DEBUG_INFORMATION_FORMAT = "dwarf-with-dsym";
				ENABLE_NS_ASSERTIONS = NO;
				ENABLE_STRICT_OBJC_MSGSEND = YES;
				GCC_C_LANGUAGE_STANDARD = gnu99;
				GCC_NO_COMMON_BLOCKS = YES;
				GCC_WARN_64_TO_32_BIT_CONVERSION = YES;
				GCC_WARN_ABOUT_RETURN_TYPE = YES_ERROR;
				GCC_WARN_UNDECLARED_SELECTOR = YES;
				GCC_WARN_UNINITIALIZED_AUTOS = YES_AGGRESSIVE;
				GCC_WARN_UNUSED_FUNCTION = YES;
				GCC_WARN_UNUSED_VARIABLE = YES;
				IPHONEOS_DEPLOYMENT_TARGET = 10.2;
				MTL_ENABLE_DEBUG_INFO = NO;
				SDKROOT = iphoneos;
				SWIFT_OPTIMIZATION_LEVEL = "-Owholemodule";
				TARGETED_DEVICE_FAMILY = "1,2";
				VALIDATE_PRODUCT = YES;
			};
			name = Release;
		};
		D83E27221E83E49600833912 /* Debug */ = {
			isa = XCBuildConfiguration;
			buildSettings = {
				ASSETCATALOG_COMPILER_APPICON_NAME = AppIcon;
				DEVELOPMENT_TEAM = C23R6NMUVD;
				INFOPLIST_FILE = FacebookFeedClone/Info.plist;
				LD_RUNPATH_SEARCH_PATHS = "$(inherited) @executable_path/Frameworks";
				PRODUCT_BUNDLE_IDENTIFIER = com.codejk.FacebookFeedClone;
				PRODUCT_NAME = "$(TARGET_NAME)";
				SWIFT_VERSION = 3.0;
			};
			name = Debug;
		};
		D83E27231E83E49600833912 /* Release */ = {
			isa = XCBuildConfiguration;
			buildSettings = {
				ASSETCATALOG_COMPILER_APPICON_NAME = AppIcon;
				DEVELOPMENT_TEAM = C23R6NMUVD;
				INFOPLIST_FILE = FacebookFeedClone/Info.plist;
				LD_RUNPATH_SEARCH_PATHS = "$(inherited) @executable_path/Frameworks";
				PRODUCT_BUNDLE_IDENTIFIER = com.codejk.FacebookFeedClone;
				PRODUCT_NAME = "$(TARGET_NAME)";
				SWIFT_VERSION = 3.0;
			};
			name = Release;
		};
/* End XCBuildConfiguration section */

/* Begin XCConfigurationList section */
		D83E270A1E83E49400833912 /* Build configuration list for PBXProject "FacebookFeedClone" */ = {
			isa = XCConfigurationList;
			buildConfigurations = (
				D83E271F1E83E49600833912 /* Debug */,
				D83E27201E83E49600833912 /* Release */,
			);
			defaultConfigurationIsVisible = 0;
			defaultConfigurationName = Release;
		};
		D83E27211E83E49600833912 /* Build configuration list for PBXNativeTarget "FacebookFeedClone" */ = {
			isa = XCConfigurationList;
			buildConfigurations = (
				D83E27221E83E49600833912 /* Debug */,
				D83E27231E83E49600833912 /* Release */,
			);
			defaultConfigurationIsVisible = 0;
			defaultConfigurationName = Release;
		};
/* End XCConfigurationList section */
	};
	rootObject = D83E27071E83E49400833912 /* Project object */;
}
